
Microsoft Visual Studio Solution File, Format Version 12.00
# Visual Studio Version 16
VisualStudioVersion = 16.0.30320.27
MinimumVisualStudioVersion = 10.0.40219.1
Project("{FAE04EC0-301F-11D3-BF4B-00C04F79EFBC}") = "TCPServer", "OblOpg1TCPServer\TCPServer.csproj", "{5A73AC04-BE9F-4BC9-82EE-FE66A7A103D3}"
EndProject
Project("{FAE04EC0-301F-11D3-BF4B-00C04F79EFBC}") = "TCPClient", "OblOpg1TCPClient\TCPClient.csproj", "{9ED2E10D-99E4-43C4-AE5F-34AFE4B40558}"
EndProject
Project("{FAE04EC0-301F-11D3-BF4B-00C04F79EFBC}") = "BikeLib", "BikeLib\BikeLib.csproj", "{57333A99-D5CF-4B20-93D6-61BF985C6FAA}"
EndProject
Global
	GlobalSection(SolutionConfigurationPlatforms) = preSolution
		Debug|Any CPU = Debug|Any CPU
		Release|Any CPU = Release|Any CPU
	EndGlobalSection
	GlobalSection(ProjectConfigurationPlatforms) = postSolution
		{5A73AC04-BE9F-4BC9-82EE-FE66A7A103D3}.Debug|Any CPU.ActiveCfg = Debug|Any CPU
		{5A73AC04-BE9F-4BC9-82EE-FE66A7A103D3}.Debug|Any CPU.Build.0 = Debug|Any CPU
		{5A73AC04-BE9F-4BC9-82EE-FE66A7A103D3}.Release|Any CPU.ActiveCfg = Release|Any CPU
		{5A73AC04-BE9F-4BC9-82EE-FE66A7A103D3}.Release|Any CPU.Build.0 = Release|Any CPU
		{9ED2E10D-99E4-43C4-AE5F-34AFE4B40558}.Debug|Any CPU.ActiveCfg = Debug|Any CPU
		{9ED2E10D-99E4-43C4-AE5F-34AFE4B40558}.Debug|Any CPU.Build.0 = Debug|Any CPU
		{9ED2E10D-99E4-43C4-AE5F-34AFE4B40558}.Release|Any CPU.ActiveCfg = Release|Any CPU
		{9ED2E10D-99E4-43C4-AE5F-34AFE4B40558}.Release|Any CPU.Build.0 = Release|Any CPU
		{57333A99-D5CF-4B20-93D6-61BF985C6FAA}.Debug|Any CPU.ActiveCfg = Debug|Any CPU
		{57333A99-D5CF-4B20-93D6-61BF985C6FAA}.Debug|Any CPU.Build.0 = Debug|Any CPU
		{57333A99-D5CF-4B20-93D6-61BF985C6FAA}.Release|Any CPU.ActiveCfg = Release|Any CPU
		{57333A99-D5CF-4B20-93D6-61BF985C6FAA}.Release|Any CPU.Build.0 = Release|Any CPU
	EndGlobalSection
	GlobalSection(SolutionProperties) = preSolution
		HideSolutionNode = FALSE
	EndGlobalSection
	GlobalSection(ExtensibilityGlobals) = postSolution
		SolutionGuid = {90FFCFBB-8A71-49FE-AA83-EE3071BF82CA}
	EndGlobalSection
EndGlobal
